
Microsoft Visual Studio Solution File, Format Version 12.00
# Visual Studio Version 16
VisualStudioVersion = 16.0.29230.47
MinimumVisualStudioVersion = 10.0.40219.1
Project("{FAE04EC0-301F-11D3-BF4B-00C04F79EFBC}") = "SmartsheetTest2", "SmartsheetTest2\SmartsheetTest2.csproj", "{09CDB76F-B5B6-40DA-82F9-EB6FD8C0129D}"
EndProject
Global
	GlobalSection(SolutionConfigurationPlatforms) = preSolution
		Debug|Any CPU = Debug|Any CPU
		Release|Any CPU = Release|Any CPU
	EndGlobalSection
	GlobalSection(ProjectConfigurationPlatforms) = postSolution
		{09CDB76F-B5B6-40DA-82F9-EB6FD8C0129D}.Debug|Any CPU.ActiveCfg = Debug|Any CPU
		{09CDB76F-B5B6-40DA-82F9-EB6FD8C0129D}.Debug|Any CPU.Build.0 = Debug|Any CPU
		{09CDB76F-B5B6-40DA-82F9-EB6FD8C0129D}.Release|Any CPU.ActiveCfg = Release|Any CPU
		{09CDB76F-B5B6-40DA-82F9-EB6FD8C0129D}.Release|Any CPU.Build.0 = Release|Any CPU
	EndGlobalSection
	GlobalSection(SolutionProperties) = preSolution
		HideSolutionNode = FALSE
	EndGlobalSection
	GlobalSection(ExtensibilityGlobals) = postSolution
		SolutionGuid = {7656A6CC-7D9C-45A8-9C5D-A24D8AF5B762}
	EndGlobalSection
EndGlobal
